{
  "requires": true,
  "lockfileVersion": 1,
  "dependencies": {
    "@types/cheerio": {
      "version": "0.22.17",
      "resolved": "https://registry.npmjs.org/@types/cheerio/-/cheerio-0.22.17.tgz",
      "integrity": "sha512-izlm+hbqWN9csuB9GSMfCnAyd3/57XZi3rfz1B0C4QBGVMp+9xQ7+9KYnep+ySfUrCWql4lGzkLf0XmprXcz9g==",
      "requires": {
        "@types/node": "*"
      }
    },
    "@types/google-apps-script": {
      "version": "1.0.12",
      "resolved": "https://registry.npmjs.org/@types/google-apps-script/-/google-apps-script-1.0.12.tgz",
      "integrity": "sha512-Vrg53MAJy1nSDmfCBmQxeUYjwkqdcfjLilyf5UswzdZd/dy4IuPgdJZgtiQiINIidltxr+TT2XBV6O0CIQYWFQ=="
    },
    "@types/node": {
      "version": "13.13.1",
      "resolved": "https://registry.npmjs.org/@types/node/-/node-13.13.1.tgz",
      "integrity": "sha512-uysqysLJ+As9jqI5yqjwP3QJrhOcUwBjHUlUxPxjbplwKoILvXVsmYWEhfmAQlrPfbRZmhJB007o4L9sKqtHqQ=="
    }
  }
}
